
Microsoft Visual Studio Solution File, Format Version 12.00
# Visual Studio Version 17
VisualStudioVersion = 17.0.31903.59
MinimumVisualStudioVersion = 10.0.40219.1
Project("{FAE04EC0-301F-11D3-BF4B-00C04F79EFBC}") = "Presentation", "Presentation\Presentation.csproj", "{7D7D6155-31DA-4C55-902F-1A2EB4A7B521}"
EndProject
Project("{FAE04EC0-301F-11D3-BF4B-00C04F79EFBC}") = "Infrastructure", "Infrastructure\Infrastructure.csproj", "{F6667304-FAEC-4919-875B-6F2BFE569CE3}"
EndProject
Project("{FAE04EC0-301F-11D3-BF4B-00C04F79EFBC}") = "Application", "Application\Application.csproj", "{10D57F3F-5980-463A-B534-313EBDC01080}"
EndProject
Project("{FAE04EC0-301F-11D3-BF4B-00C04F79EFBC}") = "Domain", "Domain\Domain.csproj", "{AE2F6163-A454-43EA-ACE8-680C73A35EEB}"
EndProject
Project("{FAE04EC0-301F-11D3-BF4B-00C04F79EFBC}") = "Utils", "Utils\Utils.csproj", "{BCEEA3E5-B1D9-4516-8228-04A86767A66A}"
EndProject
Global
	GlobalSection(SolutionConfigurationPlatforms) = preSolution
		Debug|Any CPU = Debug|Any CPU
		Debug|x64 = Debug|x64
		Debug|x86 = Debug|x86
		Release|Any CPU = Release|Any CPU
		Release|x64 = Release|x64
		Release|x86 = Release|x86
	EndGlobalSection
	GlobalSection(ProjectConfigurationPlatforms) = postSolution
		{7D7D6155-31DA-4C55-902F-1A2EB4A7B521}.Debug|Any CPU.ActiveCfg = Debug|Any CPU
		{7D7D6155-31DA-4C55-902F-1A2EB4A7B521}.Debug|Any CPU.Build.0 = Debug|Any CPU
		{7D7D6155-31DA-4C55-902F-1A2EB4A7B521}.Debug|x64.ActiveCfg = Debug|Any CPU
		{7D7D6155-31DA-4C55-902F-1A2EB4A7B521}.Debug|x64.Build.0 = Debug|Any CPU
		{7D7D6155-31DA-4C55-902F-1A2EB4A7B521}.Debug|x86.ActiveCfg = Debug|Any CPU
		{7D7D6155-31DA-4C55-902F-1A2EB4A7B521}.Debug|x86.Build.0 = Debug|Any CPU
		{7D7D6155-31DA-4C55-902F-1A2EB4A7B521}.Release|Any CPU.ActiveCfg = Release|Any CPU
		{7D7D6155-31DA-4C55-902F-1A2EB4A7B521}.Release|Any CPU.Build.0 = Release|Any CPU
		{7D7D6155-31DA-4C55-902F-1A2EB4A7B521}.Release|x64.ActiveCfg = Release|Any CPU
		{7D7D6155-31DA-4C55-902F-1A2EB4A7B521}.Release|x64.Build.0 = Release|Any CPU
		{7D7D6155-31DA-4C55-902F-1A2EB4A7B521}.Release|x86.ActiveCfg = Release|Any CPU
		{7D7D6155-31DA-4C55-902F-1A2EB4A7B521}.Release|x86.Build.0 = Release|Any CPU
		{F6667304-FAEC-4919-875B-6F2BFE569CE3}.Debug|Any CPU.ActiveCfg = Debug|Any CPU
		{F6667304-FAEC-4919-875B-6F2BFE569CE3}.Debug|Any CPU.Build.0 = Debug|Any CPU
		{F6667304-FAEC-4919-875B-6F2BFE569CE3}.Debug|x64.ActiveCfg = Debug|Any CPU
		{F6667304-FAEC-4919-875B-6F2BFE569CE3}.Debug|x64.Build.0 = Debug|Any CPU
		{F6667304-FAEC-4919-875B-6F2BFE569CE3}.Debug|x86.ActiveCfg = Debug|Any CPU
		{F6667304-FAEC-4919-875B-6F2BFE569CE3}.Debug|x86.Build.0 = Debug|Any CPU
		{F6667304-FAEC-4919-875B-6F2BFE569CE3}.Release|Any CPU.ActiveCfg = Release|Any CPU
		{F6667304-FAEC-4919-875B-6F2BFE569CE3}.Release|Any CPU.Build.0 = Release|Any CPU
		{F6667304-FAEC-4919-875B-6F2BFE569CE3}.Release|x64.ActiveCfg = Release|Any CPU
		{F6667304-FAEC-4919-875B-6F2BFE569CE3}.Release|x64.Build.0 = Release|Any CPU
		{F6667304-FAEC-4919-875B-6F2BFE569CE3}.Release|x86.ActiveCfg = Release|Any CPU
		{F6667304-FAEC-4919-875B-6F2BFE569CE3}.Release|x86.Build.0 = Release|Any CPU
		{10D57F3F-5980-463A-B534-313EBDC01080}.Debug|Any CPU.ActiveCfg = Debug|Any CPU
		{10D57F3F-5980-463A-B534-313EBDC01080}.Debug|Any CPU.Build.0 = Debug|Any CPU
		{10D57F3F-5980-463A-B534-313EBDC01080}.Debug|x64.ActiveCfg = Debug|Any CPU
		{10D57F3F-5980-463A-B534-313EBDC01080}.Debug|x64.Build.0 = Debug|Any CPU
		{10D57F3F-5980-463A-B534-313EBDC01080}.Debug|x86.ActiveCfg = Debug|Any CPU
		{10D57F3F-5980-463A-B534-313EBDC01080}.Debug|x86.Build.0 = Debug|Any CPU
		{10D57F3F-5980-463A-B534-313EBDC01080}.Release|Any CPU.ActiveCfg = Release|Any CPU
		{10D57F3F-5980-463A-B534-313EBDC01080}.Release|Any CPU.Build.0 = Release|Any CPU
		{10D57F3F-5980-463A-B534-313EBDC01080}.Release|x64.ActiveCfg = Release|Any CPU
		{10D57F3F-5980-463A-B534-313EBDC01080}.Release|x64.Build.0 = Release|Any CPU
		{10D57F3F-5980-463A-B534-313EBDC01080}.Release|x86.ActiveCfg = Release|Any CPU
		{10D57F3F-5980-463A-B534-313EBDC01080}.Release|x86.Build.0 = Release|Any CPU
		{AE2F6163-A454-43EA-ACE8-680C73A35EEB}.Debug|Any CPU.ActiveCfg = Debug|Any CPU
		{AE2F6163-A454-43EA-ACE8-680C73A35EEB}.Debug|Any CPU.Build.0 = Debug|Any CPU
		{AE2F6163-A454-43EA-ACE8-680C73A35EEB}.Debug|x64.ActiveCfg = Debug|Any CPU
		{AE2F6163-A454-43EA-ACE8-680C73A35EEB}.Debug|x64.Build.0 = Debug|Any CPU
		{AE2F6163-A454-43EA-ACE8-680C73A35EEB}.Debug|x86.ActiveCfg = Debug|Any CPU
		{AE2F6163-A454-43EA-ACE8-680C73A35EEB}.Debug|x86.Build.0 = Debug|Any CPU
		{AE2F6163-A454-43EA-ACE8-680C73A35EEB}.Release|Any CPU.ActiveCfg = Release|Any CPU
		{AE2F6163-A454-43EA-ACE8-680C73A35EEB}.Release|Any CPU.Build.0 = Release|Any CPU
		{AE2F6163-A454-43EA-ACE8-680C73A35EEB}.Release|x64.ActiveCfg = Release|Any CPU
		{AE2F6163-A454-43EA-ACE8-680C73A35EEB}.Release|x64.Build.0 = Release|Any CPU
		{AE2F6163-A454-43EA-ACE8-680C73A35EEB}.Release|x86.ActiveCfg = Release|Any CPU
		{AE2F6163-A454-43EA-ACE8-680C73A35EEB}.Release|x86.Build.0 = Release|Any CPU
		{BCEEA3E5-B1D9-4516-8228-04A86767A66A}.Debug|Any CPU.ActiveCfg = Debug|Any CPU
		{BCEEA3E5-B1D9-4516-8228-04A86767A66A}.Debug|Any CPU.Build.0 = Debug|Any CPU
		{BCEEA3E5-B1D9-4516-8228-04A86767A66A}.Debug|x64.ActiveCfg = Debug|Any CPU
		{BCEEA3E5-B1D9-4516-8228-04A86767A66A}.Debug|x64.Build.0 = Debug|Any CPU
		{BCEEA3E5-B1D9-4516-8228-04A86767A66A}.Debug|x86.ActiveCfg = Debug|Any CPU
		{BCEEA3E5-B1D9-4516-8228-04A86767A66A}.Debug|x86.Build.0 = Debug|Any CPU
		{BCEEA3E5-B1D9-4516-8228-04A86767A66A}.Release|Any CPU.ActiveCfg = Release|Any CPU
		{BCEEA3E5-B1D9-4516-8228-04A86767A66A}.Release|Any CPU.Build.0 = Release|Any CPU
		{BCEEA3E5-B1D9-4516-8228-04A86767A66A}.Release|x64.ActiveCfg = Release|Any CPU
		{BCEEA3E5-B1D9-4516-8228-04A86767A66A}.Release|x64.Build.0 = Release|Any CPU
		{BCEEA3E5-B1D9-4516-8228-04A86767A66A}.Release|x86.ActiveCfg = Release|Any CPU
		{BCEEA3E5-B1D9-4516-8228-04A86767A66A}.Release|x86.Build.0 = Release|Any CPU
	EndGlobalSection
	GlobalSection(SolutionProperties) = preSolution
		HideSolutionNode = FALSE
	EndGlobalSection
EndGlobal
