
Microsoft Visual Studio Solution File, Format Version 12.00
# Visual Studio Version 17
VisualStudioVersion = 17.0.31903.59
MinimumVisualStudioVersion = 10.0.40219.1
Project("{FAE04EC0-301F-11D3-BF4B-00C04F79EFBC}") = "Presentation", "Presentation\Presentation.csproj", "{7D7D6155-31DA-4C55-902F-1A2EB4A7B521}"
EndProject
Project("{FAE04EC0-301F-11D3-BF4B-00C04F79EFBC}") = "Logic", "Logic\Logic.csproj", "{A92DD550-8E2F-4A40-9AC9-E6B99BFF4442}"
EndProject
Project("{FAE04EC0-301F-11D3-BF4B-00C04F79EFBC}") = "Infrastructure", "Infrastructure\Infrastructure.csproj", "{F6667304-FAEC-4919-875B-6F2BFE569CE3}"
EndProject
Global
	GlobalSection(SolutionConfigurationPlatforms) = preSolution
		Debug|Any CPU = Debug|Any CPU
		Release|Any CPU = Release|Any CPU
	EndGlobalSection
	GlobalSection(SolutionProperties) = preSolution
		HideSolutionNode = FALSE
	EndGlobalSection
	GlobalSection(ProjectConfigurationPlatforms) = postSolution
		{7D7D6155-31DA-4C55-902F-1A2EB4A7B521}.Debug|Any CPU.ActiveCfg = Debug|Any CPU
		{7D7D6155-31DA-4C55-902F-1A2EB4A7B521}.Debug|Any CPU.Build.0 = Debug|Any CPU
		{7D7D6155-31DA-4C55-902F-1A2EB4A7B521}.Release|Any CPU.ActiveCfg = Release|Any CPU
		{7D7D6155-31DA-4C55-902F-1A2EB4A7B521}.Release|Any CPU.Build.0 = Release|Any CPU
		{A92DD550-8E2F-4A40-9AC9-E6B99BFF4442}.Debug|Any CPU.ActiveCfg = Debug|Any CPU
		{A92DD550-8E2F-4A40-9AC9-E6B99BFF4442}.Debug|Any CPU.Build.0 = Debug|Any CPU
		{A92DD550-8E2F-4A40-9AC9-E6B99BFF4442}.Release|Any CPU.ActiveCfg = Release|Any CPU
		{A92DD550-8E2F-4A40-9AC9-E6B99BFF4442}.Release|Any CPU.Build.0 = Release|Any CPU
		{F6667304-FAEC-4919-875B-6F2BFE569CE3}.Debug|Any CPU.ActiveCfg = Debug|Any CPU
		{F6667304-FAEC-4919-875B-6F2BFE569CE3}.Debug|Any CPU.Build.0 = Debug|Any CPU
		{F6667304-FAEC-4919-875B-6F2BFE569CE3}.Release|Any CPU.ActiveCfg = Release|Any CPU
		{F6667304-FAEC-4919-875B-6F2BFE569CE3}.Release|Any CPU.Build.0 = Release|Any CPU
	EndGlobalSection
EndGlobal
